# This file is autogenerated, do not edit; changes may be undone by the next 'dep ensure'.


[[projects]]
  branch = "master"
  name = "github.com/bradfitz/gomemcache"
  packages = ["memcache"]
  revision = "bc664df9673713a0ccf26e3b55a673ec7301088b"

[[projects]]
  branch = "master"
  name = "github.com/bukalapak/dallimin"
  packages = ["."]
  revision = "d70dd99712eeebad8eacdd2bc739a41c0e2b5f21"

[[projects]]
  name = "github.com/pkg/errors"
  packages = ["."]
  revision = "645ef00459ed84a119197bfb8d8205042c6df63d"
  version = "v0.8.0"

[solve-meta]
  analyzer-name = "dep"
  analyzer-version = 1
  inputs-digest = "d77fcd195f3efac19bc285aca920705b6b8071b202f49d6bbf672fd3e848066a"
  solver-name = "gps-cdcl"
  solver-version = 1
